{
    "name": "slush-node",
    "version": "0.0.1",
    "lockfileVersion": 1,
    "requires": true,
    "dependencies": {
        "babel-cli": {
            "version": "6.24.1",
            "resolved": "https://registry.npmjs.org/babel-cli/-/babel-cli-6.24.1.tgz",
            "integrity": "sha1-IHzXBbumFImy6kG1MSNBz2rKIoM=",
            "dev": true,
            "dependencies": {
                "glob": {
                    "version": "7.1.2",
                    "resolved": "https://registry.npmjs.org/glob/-/glob-7.1.2.tgz",
                    "integrity": "sha512-MJTUg1kjuLeQCJ+ccE4Vpa6kKVXkPYJ2mOCQyUuKLcLQsdrMCpBPUi8qVE6+YuaJkozeA9NusTAw3hLr8Xe5EQ=="
                },
                "lodash": {
                    "version": "4.17.4",
                    "resolved": "https://registry.npmjs.org/lodash/-/lodash-4.17.4.tgz",
                    "integrity": "sha1-eCA6TRwyiuHYbcpkYONptX9AVa4="
                },
                "minimatch": {
                    "version": "3.0.4",
                    "resolved": "https://registry.npmjs.org/minimatch/-/minimatch-3.0.4.tgz",
                    "integrity": "sha512-yJHVQEhyqPLUTgt9B83PXu6W3rx4MvvHvSUvToogpwoGDOUQ+yDrR0HRot+yOCdCO7u4hX3pWft6kWBBcqh0UA=="
                }
            }
        },
        "babel-preset-es2015": {
            "version": "6.24.1",
            "resolved": "https://registry.npmjs.org/babel-preset-es2015/-/babel-preset-es2015-6.24.1.tgz",
            "integrity": "sha1-1EBQ1rwsn+6nAqrzjXJ6AhBTiTk=",
            "dev": true
        },
        "babel-register": {
            "version": "6.24.1",
            "resolved": "https://registry.npmjs.org/babel-register/-/babel-register-6.24.1.tgz",
            "integrity": "sha1-fhDhOi9xBlvfrVoXh7pFvKbe118=",
            "dev": true,
            "dependencies": {
                "lodash": {
                    "version": "4.17.4",
                    "resolved": "https://registry.npmjs.org/lodash/-/lodash-4.17.4.tgz",
                    "integrity": "sha1-eCA6TRwyiuHYbcpkYONptX9AVa4="
                }
            }
        },
        "core-util-is": {
            "version": "1.0.2",
            "resolved": "https://registry.npmjs.org/core-util-is/-/core-util-is-1.0.2.tgz",
            "integrity": "sha1-tf1UIgqivFq1eqtxQMlAdUUDwac="
        },
        "event-stream": {
            "version": "3.1.7",
            "resolved": "https://registry.npmjs.org/event-stream/-/event-stream-3.1.7.tgz",
            "integrity": "sha1-tMVAAS0P4UmEIPPYlGAI22OTw3o="
        },
        "gulp": {
            "version": "3.9.1",
            "resolved": "https://registry.npmjs.org/gulp/-/gulp-3.9.1.tgz",
            "integrity": "sha1-VxzkWSjdQK9lFPxAEYZgFsE4RbQ="
        },
        "gulp-add-src": {
            "version": "0.2.0",
            "resolved": "https://registry.npmjs.org/gulp-add-src/-/gulp-add-src-0.2.0.tgz",
            "integrity": "sha1-nhApRhn5Gg5/QhfE9eUYQbzb7xc=",
            "requires": {
                "event-stream": "~3.1.5",
                "streamqueue": "^0.1.1",
                "through2": "~0.4.1",
                "vinyl-fs": "~0.3.11"
            },
            "dependencies": {
                "readable-stream": {
                    "version": "1.0.34",
                    "resolved": "https://registry.npmjs.org/readable-stream/-/readable-stream-1.0.34.tgz",
                    "integrity": "sha1-Elgg40vIQtLyqq+v5MKRbuMsFXw=",
                    "requires": {
                        "core-util-is": "~1.0.0",
                        "inherits": "~2.0.1",
                        "isarray": "0.0.1",
                        "string_decoder": "~0.10.x"
                    }
                },
                "through2": {
                    "version": "0.4.2",
                    "resolved": "https://registry.npmjs.org/through2/-/through2-0.4.2.tgz",
                    "integrity": "sha1-2/WGYDEVHsg1K7bE22SiKSqEC5s=",
                    "requires": {
                        "readable-stream": "~1.0.17",
                        "xtend": "~2.1.1"
                    }
                },
                "xtend": {
                    "version": "2.1.2",
                    "resolved": "https://registry.npmjs.org/xtend/-/xtend-2.1.2.tgz",
                    "integrity": "sha1-bv7MKk2tjmlixJAbM3znuoe10os=",
                    "requires": {
                        "object-keys": "~0.4.0"
                    }
                }
            }
        },
        "gulp-conflict": {
            "version": "0.1.2",
            "resolved": "https://registry.npmjs.org/gulp-conflict/-/gulp-conflict-0.1.2.tgz",
            "integrity": "sha1-fdm8cyQv9eVtqWCcRSg0CAOt45s=",
            "dependencies": {
                "ansi-regex": {
                    "version": "0.2.1",
                    "resolved": "https://registry.npmjs.org/ansi-regex/-/ansi-regex-0.2.1.tgz",
                    "integrity": "sha1-DY6UaWej2BQ/k+JOKYUl/BsiNfk="
                },
                "ansi-styles": {
                    "version": "1.1.0",
                    "resolved": "https://registry.npmjs.org/ansi-styles/-/ansi-styles-1.1.0.tgz",
                    "integrity": "sha1-6uy/Zs1waIJ2Cy9GkVgrj1XXp94="
                },
                "chalk": {
                    "version": "0.5.1",
                    "resolved": "https://registry.npmjs.org/chalk/-/chalk-0.5.1.tgz",
                    "integrity": "sha1-Zjs6ZItotV0EaQ1JFnqoN4WPIXQ="
                },
                "dateformat": {
                    "version": "1.0.12",
                    "resolved": "https://registry.npmjs.org/dateformat/-/dateformat-1.0.12.tgz",
                    "integrity": "sha1-nxJLZ1lMk3/3BpMuSmQsyo27/uk="
                },
                "gulp-util": {
                    "version": "2.2.20",
                    "resolved": "https://registry.npmjs.org/gulp-util/-/gulp-util-2.2.20.tgz",
                    "integrity": "sha1-1xRuVyiRC9jwR6awseVJvCLb1kw=",
                    "dependencies": {
                        "through2": {
                            "version": "0.5.1",
                            "resolved": "https://registry.npmjs.org/through2/-/through2-0.5.1.tgz",
                            "integrity": "sha1-390BLrnHAOIyP9M084rGIqs3Lac="
                        }
                    }
                },
                "has-ansi": {
                    "version": "0.1.0",
                    "resolved": "https://registry.npmjs.org/has-ansi/-/has-ansi-0.1.0.tgz",
                    "integrity": "sha1-hPJlqujA5qiKEtcCKJS3VoiUxi4="
                },
                "inquirer": {
                    "version": "0.5.1",
                    "resolved": "https://registry.npmjs.org/inquirer/-/inquirer-0.5.1.tgz",
                    "integrity": "sha1-6fLNHuFyx6MuBUt4oD1N2w13B/E=",
                    "dependencies": {
                        "ansi-styles": {
                            "version": "1.0.0",
                            "resolved": "https://registry.npmjs.org/ansi-styles/-/ansi-styles-1.0.0.tgz",
                            "integrity": "sha1-yxAt8cVvUSPquLZ817mAJ6AnkXg="
                        },
                        "chalk": {
                            "version": "0.4.0",
                            "resolved": "https://registry.npmjs.org/chalk/-/chalk-0.4.0.tgz",
                            "integrity": "sha1-UZmj3c0MHv4jvAjBsCewYXbgxk8="
                        },
                        "strip-ansi": {
                            "version": "0.1.1",
                            "resolved": "https://registry.npmjs.org/strip-ansi/-/strip-ansi-0.1.1.tgz",
                            "integrity": "sha1-OeipjQRNFQZgq+SmgIrPcLt7yZE="
                        }
                    }
                },
                "lodash": {
                    "version": "2.4.2",
                    "resolved": "https://registry.npmjs.org/lodash/-/lodash-2.4.2.tgz",
                    "integrity": "sha1-+t2DS5aDBz2hebPq5tnA0VBT9z4="
                },
                "lodash._reinterpolate": {
                    "version": "2.4.1",
                    "resolved": "https://registry.npmjs.org/lodash._reinterpolate/-/lodash._reinterpolate-2.4.1.tgz",
                    "integrity": "sha1-TxInqlqHEfxjL1sHofRgequLMiI="
                },
                "lodash.escape": {
                    "version": "2.4.1",
                    "resolved": "https://registry.npmjs.org/lodash.escape/-/lodash.escape-2.4.1.tgz",
                    "integrity": "sha1-LOEsXghNsKV92l5dHu659dF1o7Q="
                },
                "lodash.keys": {
                    "version": "2.4.1",
                    "resolved": "https://registry.npmjs.org/lodash.keys/-/lodash.keys-2.4.1.tgz",
                    "integrity": "sha1-SN6kbfj/djKxDXBrissmWR4rNyc="
                },
                "lodash.template": {
                    "version": "2.4.1",
                    "resolved": "https://registry.npmjs.org/lodash.template/-/lodash.template-2.4.1.tgz",
                    "integrity": "sha1-nmEQB+32KRKal0qzxIuBez4c8g0="
                },
                "lodash.templatesettings": {
                    "version": "2.4.1",
                    "resolved": "https://registry.npmjs.org/lodash.templatesettings/-/lodash.templatesettings-2.4.1.tgz",
                    "integrity": "sha1-6nbHXRHrhtTb6JqDiTu4YZKaxpk="
                },
                "minimist": {
                    "version": "0.2.0",
                    "resolved": "https://registry.npmjs.org/minimist/-/minimist-0.2.0.tgz",
                    "integrity": "sha1-Tf/lJdriuGTGbC4jxicdev3s784="
                },
                "readable-stream": {
                    "version": "1.0.34",
                    "resolved": "https://registry.npmjs.org/readable-stream/-/readable-stream-1.0.34.tgz",
                    "integrity": "sha1-Elgg40vIQtLyqq+v5MKRbuMsFXw="
                },
                "strip-ansi": {
                    "version": "0.3.0",
                    "resolved": "https://registry.npmjs.org/strip-ansi/-/strip-ansi-0.3.0.tgz",
                    "integrity": "sha1-JfSOoiynkYfzF0pNuHWTR7sSYiA="
                },
                "supports-color": {
                    "version": "0.2.0",
                    "resolved": "https://registry.npmjs.org/supports-color/-/supports-color-0.2.0.tgz",
                    "integrity": "sha1-2S3iaU6z9nMjlz1649i1W0wiGQo="
                },
                "through2": {
                    "version": "0.4.2",
                    "resolved": "https://registry.npmjs.org/through2/-/through2-0.4.2.tgz",
                    "integrity": "sha1-2/WGYDEVHsg1K7bE22SiKSqEC5s=",
                    "dependencies": {
                        "xtend": {
                            "version": "2.1.2",
                            "resolved": "https://registry.npmjs.org/xtend/-/xtend-2.1.2.tgz",
                            "integrity": "sha1-bv7MKk2tjmlixJAbM3znuoe10os="
                        }
                    }
                },
                "vinyl": {
                    "version": "0.2.3",
                    "resolved": "https://registry.npmjs.org/vinyl/-/vinyl-0.2.3.tgz",
                    "integrity": "sha1-vKk4IJWC7FpJrVOKAPofEl5RMlI="
                },
                "xtend": {
                    "version": "3.0.0",
                    "resolved": "https://registry.npmjs.org/xtend/-/xtend-3.0.0.tgz",
                    "integrity": "sha1-XM50B7r2Qsunvs2laBEcST9ZZlo="
                }
            }
        },
        "gulp-git": {
            "version": "1.15.1",
            "resolved": "https://registry.npmjs.org/gulp-git/-/gulp-git-1.15.1.tgz",
            "integrity": "sha1-zdnTVPxB2Ny1LO9HJW37o2Z4WXk=",
            "dependencies": {
                "readable-stream": {
                    "version": "1.0.34",
                    "resolved": "https://registry.npmjs.org/readable-stream/-/readable-stream-1.0.34.tgz",
                    "integrity": "sha1-Elgg40vIQtLyqq+v5MKRbuMsFXw="
                },
                "through2": {
                    "version": "0.6.5",
                    "resolved": "https://registry.npmjs.org/through2/-/through2-0.6.5.tgz",
                    "integrity": "sha1-QaucZ7KdVyCQcUEOHXp6lozTrUg="
                }
            }
        },
        "gulp-install": {
            "version": "0.1.8",
            "resolved": "https://registry.npmjs.org/gulp-install/-/gulp-install-0.1.8.tgz",
            "integrity": "sha1-cHXw2Hpd9V+uFPRQoswslD519sk=",
            "dependencies": {
                "ansi-regex": {
                    "version": "0.2.1",
                    "resolved": "https://registry.npmjs.org/ansi-regex/-/ansi-regex-0.2.1.tgz",
                    "integrity": "sha1-DY6UaWej2BQ/k+JOKYUl/BsiNfk="
                },
                "ansi-styles": {
                    "version": "1.1.0",
                    "resolved": "https://registry.npmjs.org/ansi-styles/-/ansi-styles-1.1.0.tgz",
                    "integrity": "sha1-6uy/Zs1waIJ2Cy9GkVgrj1XXp94="
                },
                "chalk": {
                    "version": "0.5.1",
                    "resolved": "https://registry.npmjs.org/chalk/-/chalk-0.5.1.tgz",
                    "integrity": "sha1-Zjs6ZItotV0EaQ1JFnqoN4WPIXQ="
                },
                "dateformat": {
                    "version": "1.0.12",
                    "resolved": "https://registry.npmjs.org/dateformat/-/dateformat-1.0.12.tgz",
                    "integrity": "sha1-nxJLZ1lMk3/3BpMuSmQsyo27/uk="
                },
                "gulp-util": {
                    "version": "2.2.20",
                    "resolved": "https://registry.npmjs.org/gulp-util/-/gulp-util-2.2.20.tgz",
                    "integrity": "sha1-1xRuVyiRC9jwR6awseVJvCLb1kw=",
                    "dependencies": {
                        "through2": {
                            "version": "0.5.1",
                            "resolved": "https://registry.npmjs.org/through2/-/through2-0.5.1.tgz",
                            "integrity": "sha1-390BLrnHAOIyP9M084rGIqs3Lac="
                        }
                    }
                },
                "has-ansi": {
                    "version": "0.1.0",
                    "resolved": "https://registry.npmjs.org/has-ansi/-/has-ansi-0.1.0.tgz",
                    "integrity": "sha1-hPJlqujA5qiKEtcCKJS3VoiUxi4="
                },
                "lodash._reinterpolate": {
                    "version": "2.4.1",
                    "resolved": "https://registry.npmjs.org/lodash._reinterpolate/-/lodash._reinterpolate-2.4.1.tgz",
                    "integrity": "sha1-TxInqlqHEfxjL1sHofRgequLMiI="
                },
                "lodash.escape": {
                    "version": "2.4.1",
                    "resolved": "https://registry.npmjs.org/lodash.escape/-/lodash.escape-2.4.1.tgz",
                    "integrity": "sha1-LOEsXghNsKV92l5dHu659dF1o7Q="
                },
                "lodash.keys": {
                    "version": "2.4.1",
                    "resolved": "https://registry.npmjs.org/lodash.keys/-/lodash.keys-2.4.1.tgz",
                    "integrity": "sha1-SN6kbfj/djKxDXBrissmWR4rNyc="
                },
                "lodash.template": {
                    "version": "2.4.1",
                    "resolved": "https://registry.npmjs.org/lodash.template/-/lodash.template-2.4.1.tgz",
                    "integrity": "sha1-nmEQB+32KRKal0qzxIuBez4c8g0="
                },
                "lodash.templatesettings": {
                    "version": "2.4.1",
                    "resolved": "https://registry.npmjs.org/lodash.templatesettings/-/lodash.templatesettings-2.4.1.tgz",
                    "integrity": "sha1-6nbHXRHrhtTb6JqDiTu4YZKaxpk="
                },
                "minimist": {
                    "version": "0.2.0",
                    "resolved": "https://registry.npmjs.org/minimist/-/minimist-0.2.0.tgz",
                    "integrity": "sha1-Tf/lJdriuGTGbC4jxicdev3s784="
                },
                "readable-stream": {
                    "version": "1.0.34",
                    "resolved": "https://registry.npmjs.org/readable-stream/-/readable-stream-1.0.34.tgz",
                    "integrity": "sha1-Elgg40vIQtLyqq+v5MKRbuMsFXw="
                },
                "strip-ansi": {
                    "version": "0.3.0",
                    "resolved": "https://registry.npmjs.org/strip-ansi/-/strip-ansi-0.3.0.tgz",
                    "integrity": "sha1-JfSOoiynkYfzF0pNuHWTR7sSYiA="
                },
                "supports-color": {
                    "version": "0.2.0",
                    "resolved": "https://registry.npmjs.org/supports-color/-/supports-color-0.2.0.tgz",
                    "integrity": "sha1-2S3iaU6z9nMjlz1649i1W0wiGQo="
                },
                "through2": {
                    "version": "0.4.2",
                    "resolved": "https://registry.npmjs.org/through2/-/through2-0.4.2.tgz",
                    "integrity": "sha1-2/WGYDEVHsg1K7bE22SiKSqEC5s=",
                    "dependencies": {
                        "xtend": {
                            "version": "2.1.2",
                            "resolved": "https://registry.npmjs.org/xtend/-/xtend-2.1.2.tgz",
                            "integrity": "sha1-bv7MKk2tjmlixJAbM3znuoe10os="
                        }
                    }
                },
                "vinyl": {
                    "version": "0.2.3",
                    "resolved": "https://registry.npmjs.org/vinyl/-/vinyl-0.2.3.tgz",
                    "integrity": "sha1-vKk4IJWC7FpJrVOKAPofEl5RMlI="
                },
                "xtend": {
                    "version": "3.0.0",
                    "resolved": "https://registry.npmjs.org/xtend/-/xtend-3.0.0.tgz",
                    "integrity": "sha1-XM50B7r2Qsunvs2laBEcST9ZZlo="
                }
            }
        },
        "gulp-load-plugins": {
            "version": "1.5.0",
            "resolved": "https://registry.npmjs.org/gulp-load-plugins/-/gulp-load-plugins-1.5.0.tgz",
            "integrity": "sha1-TEGffldk2aDjMGG6uWGPgbc9QXE="
        },
        "gulp-rename": {
            "version": "1.2.2",
            "resolved": "https://registry.npmjs.org/gulp-rename/-/gulp-rename-1.2.2.tgz",
            "integrity": "sha1-OtRCh2PwXidk3sHGfYaNsnVoeBc="
        },
        "gulp-shell": {
            "version": "0.5.2",
            "resolved": "https://registry.npmjs.org/gulp-shell/-/gulp-shell-0.5.2.tgz",
            "integrity": "sha1-pJWcoGUa0ce7/nCy0K27tOGuqY0=",
            "dependencies": {
                "async": {
                    "version": "1.5.2",
                    "resolved": "https://registry.npmjs.org/async/-/async-1.5.2.tgz",
                    "integrity": "sha1-7GphrlZIDAw8skHJVhjiCJL5Zyo="
                },
                "lodash": {
                    "version": "4.17.4",
                    "resolved": "https://registry.npmjs.org/lodash/-/lodash-4.17.4.tgz",
                    "integrity": "sha1-eCA6TRwyiuHYbcpkYONptX9AVa4="
                }
            }
        },
        "gulp-tap": {
            "version": "0.1.3",
            "resolved": "https://registry.npmjs.org/gulp-tap/-/gulp-tap-0.1.3.tgz",
            "integrity": "sha1-Eg3KKQHnb7hNXLStXzfK0BVjYeQ="
        },
        "gulp-template": {
            "version": "0.1.2",
            "resolved": "https://registry.npmjs.org/gulp-template/-/gulp-template-0.1.2.tgz",
            "integrity": "sha1-jJiBPb8Ufs4b4UmjD/q5ZFA+l5M=",
            "dependencies": {
                "lodash": {
                    "version": "2.4.2",
                    "resolved": "https://registry.npmjs.org/lodash/-/lodash-2.4.2.tgz",
                    "integrity": "sha1-+t2DS5aDBz2hebPq5tnA0VBT9z4="
                },
                "readable-stream": {
                    "version": "1.0.34",
                    "resolved": "https://registry.npmjs.org/readable-stream/-/readable-stream-1.0.34.tgz",
                    "integrity": "sha1-Elgg40vIQtLyqq+v5MKRbuMsFXw="
                },
                "through2": {
                    "version": "0.5.1",
                    "resolved": "https://registry.npmjs.org/through2/-/through2-0.5.1.tgz",
                    "integrity": "sha1-390BLrnHAOIyP9M084rGIqs3Lac="
                },
                "xtend": {
                    "version": "3.0.0",
                    "resolved": "https://registry.npmjs.org/xtend/-/xtend-3.0.0.tgz",
                    "integrity": "sha1-XM50B7r2Qsunvs2laBEcST9ZZlo="
                }
            }
        },
        "inherits": {
            "version": "2.0.3",
            "resolved": "https://registry.npmjs.org/inherits/-/inherits-2.0.3.tgz",
            "integrity": "sha1-Yzwsg+PaQqUC9SRmAiSA9CCCYd4="
        },
        "iniparser": {
            "version": "1.0.5",
            "resolved": "https://registry.npmjs.org/iniparser/-/iniparser-1.0.5.tgz",
            "integrity": "sha1-g21r7+bfv87gvM8c+fKsxwJ/eD0="
        },
        "inquirer": {
            "version": "3.1.0",
            "resolved": "https://registry.npmjs.org/inquirer/-/inquirer-3.1.0.tgz",
            "integrity": "sha512-JLl89yPOEoGohLjeGs3XCekeovADbrEw/WRJQYgPED6zeJWrpIsY9i9/rn+VltZox/9w94lVYqo94QfEmniB1w==",
            "dependencies": {
                "lodash": {
                    "version": "4.17.4",
                    "resolved": "https://registry.npmjs.org/lodash/-/lodash-4.17.4.tgz",
                    "integrity": "sha1-eCA6TRwyiuHYbcpkYONptX9AVa4="
                },
                "mute-stream": {
                    "version": "0.0.7",
                    "resolved": "https://registry.npmjs.org/mute-stream/-/mute-stream-0.0.7.tgz",
                    "integrity": "sha1-MHXOk7whuPq0PhvE2n6BFe0ee6s="
                }
            }
        },
        "isarray": {
            "version": "0.0.1",
            "resolved": "https://registry.npmjs.org/isarray/-/isarray-0.0.1.tgz",
            "integrity": "sha1-ihis/Kmo9Bd+Cav8YDiTmwXR7t8="
        },
        "isstream": {
            "version": "0.1.2",
            "resolved": "https://registry.npmjs.org/isstream/-/isstream-0.1.2.tgz",
            "integrity": "sha1-R+Y/evVa+m+S4VAOaQ64uFKcCZo="
        },
        "minimist": {
            "version": "1.2.3",
            "resolved": "https://registry.npmjs.org/minimist/-/minimist-1.2.3.tgz",
            "integrity": "sha512-+bMdgqjMN/Z77a6NlY/I3U5LlRDbnmaAk6lDveAPKwSpcPM4tKAuYsvYF8xjhOPXhOYGe/73vVLVez5PW+jqhw=="
        },
        "object-keys": {
            "version": "0.4.0",
            "resolved": "https://registry.npmjs.org/object-keys/-/object-keys-0.4.0.tgz",
            "integrity": "sha1-KKaq50KN0sOpLz2V8hM13SBOAzY="
        },
        "slush": {
            "version": "1.1.1",
            "resolved": "https://registry.npmjs.org/slush/-/slush-1.1.1.tgz",
            "integrity": "sha1-adnZmB5CX+9goVU18HxV6LhKpTc=",
            "dependencies": {
                "ansi-regex": {
                    "version": "0.2.1",
                    "resolved": "https://registry.npmjs.org/ansi-regex/-/ansi-regex-0.2.1.tgz",
                    "integrity": "sha1-DY6UaWej2BQ/k+JOKYUl/BsiNfk="
                },
                "ansi-styles": {
                    "version": "1.0.0",
                    "resolved": "https://registry.npmjs.org/ansi-styles/-/ansi-styles-1.0.0.tgz",
                    "integrity": "sha1-yxAt8cVvUSPquLZ817mAJ6AnkXg="
                },
                "archy": {
                    "version": "0.0.2",
                    "resolved": "https://registry.npmjs.org/archy/-/archy-0.0.2.tgz",
                    "integrity": "sha1-kQ9Dv2YUH8M1VkWXq8GJ30Sz014="
                },
                "chalk": {
                    "version": "0.4.0",
                    "resolved": "https://registry.npmjs.org/chalk/-/chalk-0.4.0.tgz",
                    "integrity": "sha1-UZmj3c0MHv4jvAjBsCewYXbgxk8="
                },
                "dateformat": {
                    "version": "1.0.12",
                    "resolved": "https://registry.npmjs.org/dateformat/-/dateformat-1.0.12.tgz",
                    "integrity": "sha1-nxJLZ1lMk3/3BpMuSmQsyo27/uk="
                },
                "extend": {
                    "version": "1.2.1",
                    "resolved": "https://registry.npmjs.org/extend/-/extend-1.2.1.tgz",
                    "integrity": "sha1-oPX9bPyDpf5J72mNYOyKYk3UV2w="
                },
                "findup-sync": {
                    "version": "0.1.3",
                    "resolved": "https://registry.npmjs.org/findup-sync/-/findup-sync-0.1.3.tgz",
                    "integrity": "sha1-fz56l7gjksZTvwZYm9hRkOk8NoM=",
                    "dependencies": {
                        "glob": {
                            "version": "3.2.11",
                            "resolved": "https://registry.npmjs.org/glob/-/glob-3.2.11.tgz",
                            "integrity": "sha1-Spc/Y1uRkPcV0QmH1cAP0oFevj0="
                        },
                        "minimatch": {
                            "version": "0.3.0",
                            "resolved": "https://registry.npmjs.org/minimatch/-/minimatch-0.3.0.tgz",
                            "integrity": "sha1-J12O2qxPG7MyZHIInnlJyDlGmd0="
                        }
                    }
                },
                "glob": {
                    "version": "4.0.6",
                    "resolved": "https://registry.npmjs.org/glob/-/glob-4.0.6.tgz",
                    "integrity": "sha1-aVxQvdTi+1xdNwsJHziNNwfikac="
                },
                "gulp-util": {
                    "version": "2.2.20",
                    "resolved": "https://registry.npmjs.org/gulp-util/-/gulp-util-2.2.20.tgz",
                    "integrity": "sha1-1xRuVyiRC9jwR6awseVJvCLb1kw=",
                    "dependencies": {
                        "ansi-styles": {
                            "version": "1.1.0",
                            "resolved": "https://registry.npmjs.org/ansi-styles/-/ansi-styles-1.1.0.tgz",
                            "integrity": "sha1-6uy/Zs1waIJ2Cy9GkVgrj1XXp94="
                        },
                        "chalk": {
                            "version": "0.5.1",
                            "resolved": "https://registry.npmjs.org/chalk/-/chalk-0.5.1.tgz",
                            "integrity": "sha1-Zjs6ZItotV0EaQ1JFnqoN4WPIXQ="
                        },
                        "minimist": {
                            "version": "0.2.0",
                            "resolved": "https://registry.npmjs.org/minimist/-/minimist-0.2.0.tgz",
                            "integrity": "sha1-Tf/lJdriuGTGbC4jxicdev3s784="
                        },
                        "strip-ansi": {
                            "version": "0.3.0",
                            "resolved": "https://registry.npmjs.org/strip-ansi/-/strip-ansi-0.3.0.tgz",
                            "integrity": "sha1-JfSOoiynkYfzF0pNuHWTR7sSYiA="
                        }
                    }
                },
                "has-ansi": {
                    "version": "0.1.0",
                    "resolved": "https://registry.npmjs.org/has-ansi/-/has-ansi-0.1.0.tgz",
                    "integrity": "sha1-hPJlqujA5qiKEtcCKJS3VoiUxi4="
                },
                "liftoff": {
                    "version": "0.10.0",
                    "resolved": "https://registry.npmjs.org/liftoff/-/liftoff-0.10.0.tgz",
                    "integrity": "sha1-u/Nv527Pq2hGf1+sp06bwyg/wEs=",
                    "dependencies": {
                        "minimist": {
                            "version": "0.0.10",
                            "resolved": "https://registry.npmjs.org/minimist/-/minimist-0.0.10.tgz",
                            "integrity": "sha1-3j+YVD2/lggr5IrRoMfNqDYwHc8="
                        }
                    }
                },
                "lodash": {
                    "version": "2.4.2",
                    "resolved": "https://registry.npmjs.org/lodash/-/lodash-2.4.2.tgz",
                    "integrity": "sha1-+t2DS5aDBz2hebPq5tnA0VBT9z4="
                },
                "lodash._reinterpolate": {
                    "version": "2.4.1",
                    "resolved": "https://registry.npmjs.org/lodash._reinterpolate/-/lodash._reinterpolate-2.4.1.tgz",
                    "integrity": "sha1-TxInqlqHEfxjL1sHofRgequLMiI="
                },
                "lodash.escape": {
                    "version": "2.4.1",
                    "resolved": "https://registry.npmjs.org/lodash.escape/-/lodash.escape-2.4.1.tgz",
                    "integrity": "sha1-LOEsXghNsKV92l5dHu659dF1o7Q="
                },
                "lodash.keys": {
                    "version": "2.4.1",
                    "resolved": "https://registry.npmjs.org/lodash.keys/-/lodash.keys-2.4.1.tgz",
                    "integrity": "sha1-SN6kbfj/djKxDXBrissmWR4rNyc="
                },
                "lodash.template": {
                    "version": "2.4.1",
                    "resolved": "https://registry.npmjs.org/lodash.template/-/lodash.template-2.4.1.tgz",
                    "integrity": "sha1-nmEQB+32KRKal0qzxIuBez4c8g0="
                },
                "lodash.templatesettings": {
                    "version": "2.4.1",
                    "resolved": "https://registry.npmjs.org/lodash.templatesettings/-/lodash.templatesettings-2.4.1.tgz",
                    "integrity": "sha1-6nbHXRHrhtTb6JqDiTu4YZKaxpk="
                },
                "minimatch": {
                    "version": "1.0.0",
                    "resolved": "https://registry.npmjs.org/minimatch/-/minimatch-1.0.0.tgz",
                    "integrity": "sha1-4N0hILSeG3JM6NcUxSCCKpQ4V20="
                },
                "minimist": {
                    "version": "0.1.0",
                    "resolved": "https://registry.npmjs.org/minimist/-/minimist-0.1.0.tgz",
                    "integrity": "sha1-md9lelJXTCHJBXSX33QnkLK0wN4="
                },
                "pretty-hrtime": {
                    "version": "0.2.2",
                    "resolved": "https://registry.npmjs.org/pretty-hrtime/-/pretty-hrtime-0.2.2.tgz",
                    "integrity": "sha1-1P2INR46R0H4Fzr31qS4RvmJXAA="
                },
                "readable-stream": {
                    "version": "1.0.34",
                    "resolved": "https://registry.npmjs.org/readable-stream/-/readable-stream-1.0.34.tgz",
                    "integrity": "sha1-Elgg40vIQtLyqq+v5MKRbuMsFXw="
                },
                "resolve": {
                    "version": "0.6.3",
                    "resolved": "https://registry.npmjs.org/resolve/-/resolve-0.6.3.tgz",
                    "integrity": "sha1-3ZV5gufnNt699TtYpN2RdUV13UY="
                },
                "strip-ansi": {
                    "version": "0.1.1",
                    "resolved": "https://registry.npmjs.org/strip-ansi/-/strip-ansi-0.1.1.tgz",
                    "integrity": "sha1-OeipjQRNFQZgq+SmgIrPcLt7yZE="
                },
                "supports-color": {
                    "version": "0.2.0",
                    "resolved": "https://registry.npmjs.org/supports-color/-/supports-color-0.2.0.tgz",
                    "integrity": "sha1-2S3iaU6z9nMjlz1649i1W0wiGQo="
                },
                "through2": {
                    "version": "0.5.1",
                    "resolved": "https://registry.npmjs.org/through2/-/through2-0.5.1.tgz",
                    "integrity": "sha1-390BLrnHAOIyP9M084rGIqs3Lac="
                },
                "vinyl": {
                    "version": "0.2.3",
                    "resolved": "https://registry.npmjs.org/vinyl/-/vinyl-0.2.3.tgz",
                    "integrity": "sha1-vKk4IJWC7FpJrVOKAPofEl5RMlI="
                },
                "xtend": {
                    "version": "3.0.0",
                    "resolved": "https://registry.npmjs.org/xtend/-/xtend-3.0.0.tgz",
                    "integrity": "sha1-XM50B7r2Qsunvs2laBEcST9ZZlo="
                }
            }
        },
        "streamqueue": {
            "version": "0.1.3",
            "resolved": "https://registry.npmjs.org/streamqueue/-/streamqueue-0.1.3.tgz",
            "integrity": "sha1-sQ1lFYr1ec46X0jJJ20B2yPU+LU=",
            "requires": {
                "isstream": "~0.1.1",
                "readable-stream": "~1.0.33"
            },
            "dependencies": {
                "readable-stream": {
                    "version": "1.0.34",
                    "resolved": "https://registry.npmjs.org/readable-stream/-/readable-stream-1.0.34.tgz",
                    "integrity": "sha1-Elgg40vIQtLyqq+v5MKRbuMsFXw=",
                    "requires": {
                        "core-util-is": "~1.0.0",
                        "inherits": "~2.0.1",
                        "isarray": "0.0.1",
                        "string_decoder": "~0.10.x"
                    }
                }
            }
        },
        "string_decoder": {
            "version": "0.10.31",
            "resolved": "https://registry.npmjs.org/string_decoder/-/string_decoder-0.10.31.tgz",
            "integrity": "sha1-YuIDvEF2bGwoyfyEMB2rHFMQ+pQ="
        },
        "underscore": {
            "version": "1.8.3",
            "resolved": "https://registry.npmjs.org/underscore/-/underscore-1.8.3.tgz",
            "integrity": "sha1-Tz+1OxBuYJf8+ctBCfKl6b36UCI="
        },
        "underscore.string": {
            "version": "2.4.0",
            "resolved": "https://registry.npmjs.org/underscore.string/-/underscore.string-2.4.0.tgz",
            "integrity": "sha1-jN2PusTi0uoefi6Al8QvRCKA+Fs="
        },
        "vinyl-fs": {
            "version": "0.3.14",
            "resolved": "https://registry.npmjs.org/vinyl-fs/-/vinyl-fs-0.3.14.tgz",
            "integrity": "sha1-mmhRzhysHBzqX+hsCTHWIMLPqeY=",
            "dependencies": {
                "clone": {
                    "version": "0.2.0",
                    "resolved": "https://registry.npmjs.org/clone/-/clone-0.2.0.tgz",
                    "integrity": "sha1-xhJqkK1Pctv1rNskPMN3JP6T/B8="
                },
                "readable-stream": {
                    "version": "1.0.34",
                    "resolved": "https://registry.npmjs.org/readable-stream/-/readable-stream-1.0.34.tgz",
                    "integrity": "sha1-Elgg40vIQtLyqq+v5MKRbuMsFXw="
                },
                "through2": {
                    "version": "0.6.5",
                    "resolved": "https://registry.npmjs.org/through2/-/through2-0.6.5.tgz",
                    "integrity": "sha1-QaucZ7KdVyCQcUEOHXp6lozTrUg="
                },
                "vinyl": {
                    "version": "0.4.6",
                    "resolved": "https://registry.npmjs.org/vinyl/-/vinyl-0.4.6.tgz",
                    "integrity": "sha1-LzVsh6VQolVGHza76ypbqL94SEc="
                }
            }
        }
    }
}
